// !$*UTF8*$!
{
	archiveVersion = 1;
	classes = {
	};
	objectVersion = 77;
	objects = {

/* Begin PBXBuildFile section */
		960973D32EF8B6DC00A4C62B /* FirebaseAuth in Frameworks */ = {isa = PBXBuildFile; productRef = 960973D22EF8B6DC00A4C62B /* FirebaseAuth */; };
		960973D52EF8B6DC00A4C62B /* FirebaseFirestore in Frameworks */ = {isa = PBXBuildFile; productRef = 960973D42EF8B6DC00A4C62B /* FirebaseFirestore */; };
		960973D72EF8B6DC00A4C62B /* FirebaseStorage in Frameworks */ = {isa = PBXBuildFile; productRef = 960973D62EF8B6DC00A4C62B /* FirebaseStorage */; };
/* End PBXBuildFile section */

/* Begin PBXContainerItemProxy section */
		960973B52EF8B44C00A4C62B /* PBXContainerItemProxy */ = {
			isa = PBXContainerItemProxy;
			containerPortal = 9609739F2EF8B44800A4C62B /* Project object */;
			proxyType = 1;
			remoteGlobalIDString = 960973A62EF8B44800A4C62B;
			remoteInfo = StrengthGraceFlow;
		};
		960973BF2EF8B44C00A4C62B /* PBXContainerItemProxy */ = {
			isa = PBXContainerItemProxy;
			containerPortal = 9609739F2EF8B44800A4C62B /* Project object */;
			proxyType = 1;
			remoteGlobalIDString = 960973A62EF8B44800A4C62B;
			remoteInfo = StrengthGraceFlow;
		};
/* End PBXContainerItemProxy section */

/* Begin PBXFileReference section */
		960973A72EF8B44800A4C62B /* StrengthGraceFlow.app */ = {isa = PBXFileReference; explicitFileType = wrapper.application; includeInIndex = 0; path = StrengthGraceFlow.app; sourceTree = BUILT_PRODUCTS_DIR; };
		960973B42EF8B44C00A4C62B /* StrengthGraceFlowTests.xctest */ = {isa = PBXFileReference; explicitFileType = wrapper.cfbundle; includeInIndex = 0; path = StrengthGraceFlowTests.xctest; sourceTree = BUILT_PRODUCTS_DIR; };
		960973BE2EF8B44C00A4C62B /* StrengthGraceFlowUITests.xctest */ = {isa = PBXFileReference; explicitFileType = wrapper.cfbundle; includeInIndex = 0; path = StrengthGraceFlowUITests.xctest; sourceTree = BUILT_PRODUCTS_DIR; };
/* End PBXFileReference section */

/* Begin PBXFileSystemSynchronizedRootGroup section */
		960973A92EF8B44800A4C62B /* StrengthGraceFlow */ = {
			isa = PBXFileSystemSynchronizedRootGroup;
			path = StrengthGraceFlow;
			sourceTree = "<group>";
		};
		960973B72EF8B44C00A4C62B /* StrengthGraceFlowTests */ = {
			isa = PBXFileSystemSynchronizedRootGroup;
			path = StrengthGraceFlowTests;
			sourceTree = "<group>";
		};
		960973C12EF8B44C00A4C62B /* StrengthGraceFlowUITests */ = {
			isa = PBXFileSystemSynchronizedRootGroup;
			path = StrengthGraceFlowUITests;
			sourceTree = "<group>";
		};
/* End PBXFileSystemSynchronizedRootGroup section */

/* Begin PBXFrameworksBuildPhase section */
		960973A42EF8B44800A4C62B /* Frameworks */ = {
			isa = PBXFrameworksBuildPhase;
			buildActionMask = 2147483647;
			files = (
				960973D32EF8B6DC00A4C62B /* FirebaseAuth in Frameworks */,
				960973D52EF8B6DC00A4C62B /* FirebaseFirestore in Frameworks */,
				960973D72EF8B6DC00A4C62B /* FirebaseStorage in Frameworks */,
			);
			runOnlyForDeploymentPostprocessing = 0;
		};
		960973B12EF8B44C00A4C62B /* Frameworks */ = {
			isa = PBXFrameworksBuildPhase;
			buildActionMask = 2147483647;
			files = (
			);
			runOnlyForDeploymentPostprocessing = 0;
		};
		960973BB2EF8B44C00A4C62B /* Frameworks */ = {
			isa = PBXFrameworksBuildPhase;
			buildActionMask = 2147483647;
			files = (
			);
			runOnlyForDeploymentPostprocessing = 0;
		};
/* End PBXFrameworksBuildPhase section */

/* Begin PBXGroup section */
		9609739E2EF8B44800A4C62B = {
			isa = PBXGroup;
			children = (
				960973A92EF8B44800A4C62B /* StrengthGraceFlow */,
				960973B72EF8B44C00A4C62B /* StrengthGraceFlowTests */,
				960973C12EF8B44C00A4C62B /* StrengthGraceFlowUITests */,
				960973A82EF8B44800A4C62B /* Products */,
			);
			sourceTree = "<group>";
		};
		960973A82EF8B44800A4C62B /* Products */ = {
			isa = PBXGroup;
			children = (
				960973A72EF8B44800A4C62B /* StrengthGraceFlow.app */,
				960973B42EF8B44C00A4C62B /* StrengthGraceFlowTests.xctest */,
				960973BE2EF8B44C00A4C62B /* StrengthGraceFlowUITests.xctest */,
			);
			name = Products;
			sourceTree = "<group>";
		};
/* End PBXGroup section */

/* Begin PBXNativeTarget section */
		960973A62EF8B44800A4C62B /* StrengthGraceFlow */ = {
			isa = PBXNativeTarget;
			buildConfigurationList = 960973C82EF8B44C00A4C62B /* Build configuration list for PBXNativeTarget "StrengthGraceFlow" */;
			buildPhases = (
				960973A32EF8B44800A4C62B /* Sources */,
				960973A42EF8B44800A4C62B /* Frameworks */,
				960973A52EF8B44800A4C62B /* Resources */,
			);
			buildRules = (
			);
			dependencies = (
			);
			fileSystemSynchronizedGroups = (
				960973A92EF8B44800A4C62B /* StrengthGraceFlow */,
			);
			name = StrengthGraceFlow;
			packageProductDependencies = (
				960973D22EF8B6DC00A4C62B /* FirebaseAuth */,
				960973D42EF8B6DC00A4C62B /* FirebaseFirestore */,
				960973D62EF8B6DC00A4C62B /* FirebaseStorage */,
			);
			productName = StrengthGraceFlow;
			productReference = 960973A72EF8B44800A4C62B /* StrengthGraceFlow.app */;
			productType = "com.apple.product-type.application";
		};
		960973B32EF8B44C00A4C62B /* StrengthGraceFlowTests */ = {
			isa = PBXNativeTarget;
			buildConfigurationList = 960973CB2EF8B44C00A4C62B /* Build configuration list for PBXNativeTarget "StrengthGraceFlowTests" */;
			buildPhases = (
				960973B02EF8B44C00A4C62B /* Sources */,
				960973B12EF8B44C00A4C62B /* Frameworks */,
				960973B22EF8B44C00A4C62B /* Resources */,
			);
			buildRules = (
			);
			dependencies = (
				960973B62EF8B44C00A4C62B /* PBXTargetDependency */,
			);
			fileSystemSynchronizedGroups = (
				960973B72EF8B44C00A4C62B /* StrengthGraceFlowTests */,
			);
			name = StrengthGraceFlowTests;
			packageProductDependencies = (
			);
			productName = StrengthGraceFlowTests;
			productReference = 960973B42EF8B44C00A4C62B /* StrengthGraceFlowTests.xctest */;
			productType = "com.apple.product-type.bundle.unit-test";
		};
		960973BD2EF8B44C00A4C62B /* StrengthGraceFlowUITests */ = {
			isa = PBXNativeTarget;
			buildConfigurationList = 960973CE2EF8B44C00A4C62B /* Build configuration list for PBXNativeTarget "StrengthGraceFlowUITests" */;
			buildPhases = (
				960973BA2EF8B44C00A4C62B /* Sources */,
				960973BB2EF8B44C00A4C62B /* Frameworks */,
				960973BC2EF8B44C00A4C62B /* Resources */,
			);
			buildRules = (
			);
			dependencies = (
				960973C02EF8B44C00A4C62B /* PBXTargetDependency */,
			);
			fileSystemSynchronizedGroups = (
				960973C12EF8B44C00A4C62B /* StrengthGraceFlowUITests */,
			);
			name = StrengthGraceFlowUITests;
			packageProductDependencies = (
			);
			productName = StrengthGraceFlowUITests;
			productReference = 960973BE2EF8B44C00A4C62B /* StrengthGraceFlowUITests.xctest */;
			productType = "com.apple.product-type.bundle.ui-testing";
		};
/* End PBXNativeTarget section */

/* Begin PBXProject section */
		9609739F2EF8B44800A4C62B /* Project object */ = {
			isa = PBXProject;
			attributes = {
				BuildIndependentTargetsInParallel = 1;
				LastSwiftUpdateCheck = 1640;
				LastUpgradeCheck = 1640;
				TargetAttributes = {
					960973A62EF8B44800A4C62B = {
						CreatedOnToolsVersion = 16.4;
					};
					960973B32EF8B44C00A4C62B = {
						CreatedOnToolsVersion = 16.4;
						TestTargetID = 960973A62EF8B44800A4C62B;
					};
					960973BD2EF8B44C00A4C62B = {
						CreatedOnToolsVersion = 16.4;
						TestTargetID = 960973A62EF8B44800A4C62B;
					};
				};
			};
			buildConfigurationList = 960973A22EF8B44800A4C62B /* Build configuration list for PBXProject "StrengthGraceFlow" */;
			developmentRegion = en;
			hasScannedForEncodings = 0;
			knownRegions = (
				en,
				Base,
			);
			mainGroup = 9609739E2EF8B44800A4C62B;
			minimizedProjectReferenceProxies = 1;
			packageReferences = (
				960973D12EF8B6DC00A4C62B /* XCRemoteSwiftPackageReference "firebase-ios-sdk" */,
			);
			preferredProjectObjectVersion = 77;
			productRefGroup = 960973A82EF8B44800A4C62B /* Products */;
			projectDirPath = "";
			projectRoot = "";
			targets = (
				960973A62EF8B44800A4C62B /* StrengthGraceFlow */,
				960973B32EF8B44C00A4C62B /* StrengthGraceFlowTests */,
				960973BD2EF8B44C00A4C62B /* StrengthGraceFlowUITests */,
			);
		};
/* End PBXProject section */

/* Begin PBXResourcesBuildPhase section */
		960973A52EF8B44800A4C62B /* Resources */ = {
			isa = PBXResourcesBuildPhase;
			buildActionMask = 2147483647;
			files = (
			);
			runOnlyForDeploymentPostprocessing = 0;
		};
		960973B22EF8B44C00A4C62B /* Resources */ = {
			isa = PBXResourcesBuildPhase;
			buildActionMask = 2147483647;
			files = (
			);
			runOnlyForDeploymentPostprocessing = 0;
		};
		960973BC2EF8B44C00A4C62B /* Resources */ = {
			isa = PBXResourcesBuildPhase;
			buildActionMask = 2147483647;
			files = (
			);
			runOnlyForDeploymentPostprocessing = 0;
		};
/* End PBXResourcesBuildPhase section */

/* Begin PBXSourcesBuildPhase section */
		960973A32EF8B44800A4C62B /* Sources */ = {
			isa = PBXSourcesBuildPhase;
			buildActionMask = 2147483647;
			files = (
			);
			runOnlyForDeploymentPostprocessing = 0;
		};
		960973B02EF8B44C00A4C62B /* Sources */ = {
			isa = PBXSourcesBuildPhase;
			buildActionMask = 2147483647;
			files = (
			);
			runOnlyForDeploymentPostprocessing = 0;
		};
		960973BA2EF8B44C00A4C62B /* Sources */ = {
			isa = PBXSourcesBuildPhase;
			buildActionMask = 2147483647;
			files = (
			);
			runOnlyForDeploymentPostprocessing = 0;
		};
/* End PBXSourcesBuildPhase section */

/* Begin PBXTargetDependency section */
		960973B62EF8B44C00A4C62B /* PBXTargetDependency */ = {
			isa = PBXTargetDependency;
			target = 960973A62EF8B44800A4C62B /* StrengthGraceFlow */;
			targetProxy = 960973B52EF8B44C00A4C62B /* PBXContainerItemProxy */;
		};
		960973C02EF8B44C00A4C62B /* PBXTargetDependency */ = {
			isa = PBXTargetDependency;
			target = 960973A62EF8B44800A4C62B /* StrengthGraceFlow */;
			targetProxy = 960973BF2EF8B44C00A4C62B /* PBXContainerItemProxy */;
		};
/* End PBXTargetDependency section */

/* Begin XCBuildConfiguration section */
		960973C62EF8B44C00A4C62B /* Debug */ = {
			isa = XCBuildConfiguration;
			buildSettings = {
				ALWAYS_SEARCH_USER_PATHS = NO;
				ASSETCATALOG_COMPILER_GENERATE_SWIFT_ASSET_SYMBOL_EXTENSIONS = YES;
				CLANG_ANALYZER_NONNULL = YES;
				CLANG_ANALYZER_NUMBER_OBJECT_CONVERSION = YES_AGGRESSIVE;
				CLANG_CXX_LANGUAGE_STANDARD = "gnu++20";
				CLANG_ENABLE_MODULES = YES;
				CLANG_ENABLE_OBJC_ARC = YES;
				CLANG_ENABLE_OBJC_WEAK = YES;
				CLANG_WARN_BLOCK_CAPTURE_AUTORELEASING = YES;
				CLANG_WARN_BOOL_CONVERSION = YES;
				CLANG_WARN_COMMA = YES;
				CLANG_WARN_CONSTANT_CONVERSION = YES;
				CLANG_WARN_DEPRECATED_OBJC_IMPLEMENTATIONS = YES;
				CLANG_WARN_DIRECT_OBJC_ISA_USAGE = YES_ERROR;
				CLANG_WARN_DOCUMENTATION_COMMENTS = YES;
				CLANG_WARN_EMPTY_BODY = YES;
				CLANG_WARN_ENUM_CONVERSION = YES;
				CLANG_WARN_INFINITE_RECURSION = YES;
				CLANG_WARN_INT_CONVERSION = YES;
				CLANG_WARN_NON_LITERAL_NULL_CONVERSION = YES;
				CLANG_WARN_OBJC_IMPLICIT_RETAIN_SELF = YES;
				CLANG_WARN_OBJC_LITERAL_CONVERSION = YES;
				CLANG_WARN_OBJC_ROOT_CLASS = YES_ERROR;
				CLANG_WARN_QUOTED_INCLUDE_IN_FRAMEWORK_HEADER = YES;
				CLANG_WARN_RANGE_LOOP_ANALYSIS = YES;
				CLANG_WARN_STRICT_PROTOTYPES = YES;
				CLANG_WARN_SUSPICIOUS_MOVE = YES;
				CLANG_WARN_UNGUARDED_AVAILABILITY = YES_AGGRESSIVE;
				CLANG_WARN_UNREACHABLE_CODE = YES;
				CLANG_WARN__DUPLICATE_METHOD_MATCH = YES;
				COPY_PHASE_STRIP = NO;
				DEBUG_INFORMATION_FORMAT = dwarf;
				DEVELOPMENT_TEAM = CLWUKP6F74;
				ENABLE_STRICT_OBJC_MSGSEND = YES;
				ENABLE_TESTABILITY = YES;
				ENABLE_USER_SCRIPT_SANDBOXING = YES;
				GCC_C_LANGUAGE_STANDARD = gnu17;
				GCC_DYNAMIC_NO_PIC = NO;
				GCC_NO_COMMON_BLOCKS = YES;
				GCC_OPTIMIZATION_LEVEL = 0;
				GCC_PREPROCESSOR_DEFINITIONS = (
					"DEBUG=1",
					"$(inherited)",
				);
				GCC_WARN_64_TO_32_BIT_CONVERSION = YES;
				GCC_WARN_ABOUT_RETURN_TYPE = YES_ERROR;
				GCC_WARN_UNDECLARED_SELECTOR = YES;
				GCC_WARN_UNINITIALIZED_AUTOS = YES_AGGRESSIVE;
				GCC_WARN_UNUSED_FUNCTION = YES;
				GCC_WARN_UNUSED_VARIABLE = YES;
				IPHONEOS_DEPLOYMENT_TARGET = 18.5;
				LOCALIZATION_PREFERS_STRING_CATALOGS = YES;
				MTL_ENABLE_DEBUG_INFO = INCLUDE_SOURCE;
				MTL_FAST_MATH = YES;
				ONLY_ACTIVE_ARCH = YES;
				SDKROOT = iphoneos;
				SWIFT_ACTIVE_COMPILATION_CONDITIONS = "DEBUG $(inherited)";
				SWIFT_OPTIMIZATION_LEVEL = "-Onone";
			};
			name = Debug;
		};
		960973C72EF8B44C00A4C62B /* Release */ = {
			isa = XCBuildConfiguration;
			buildSettings = {
				ALWAYS_SEARCH_USER_PATHS = NO;
				ASSETCATALOG_COMPILER_GENERATE_SWIFT_ASSET_SYMBOL_EXTENSIONS = YES;
				CLANG_ANALYZER_NONNULL = YES;
				CLANG_ANALYZER_NUMBER_OBJECT_CONVERSION = YES_AGGRESSIVE;
				CLANG_CXX_LANGUAGE_STANDARD = "gnu++20";
				CLANG_ENABLE_MODULES = YES;
				CLANG_ENABLE_OBJC_ARC = YES;
				CLANG_ENABLE_OBJC_WEAK = YES;
				CLANG_WARN_BLOCK_CAPTURE_AUTORELEASING = YES;
				CLANG_WARN_BOOL_CONVERSION = YES;
				CLANG_WARN_COMMA = YES;
				CLANG_WARN_CONSTANT_CONVERSION = YES;
				CLANG_WARN_DEPRECATED_OBJC_IMPLEMENTATIONS = YES;
				CLANG_WARN_DIRECT_OBJC_ISA_USAGE = YES_ERROR;
				CLANG_WARN_DOCUMENTATION_COMMENTS = YES;
				CLANG_WARN_EMPTY_BODY = YES;
				CLANG_WARN_ENUM_CONVERSION = YES;
				CLANG_WARN_INFINITE_RECURSION = YES;
				CLANG_WARN_INT_CONVERSION = YES;
				CLANG_WARN_NON_LITERAL_NULL_CONVERSION = YES;
				CLANG_WARN_OBJC_IMPLICIT_RETAIN_SELF = YES;
				CLANG_WARN_OBJC_LITERAL_CONVERSION = YES;
				CLANG_WARN_OBJC_ROOT_CLASS = YES_ERROR;
				CLANG_WARN_QUOTED_INCLUDE_IN_FRAMEWORK_HEADER = YES;
				CLANG_WARN_RANGE_LOOP_ANALYSIS = YES;
				CLANG_WARN_STRICT_PROTOTYPES = YES;
				CLANG_WARN_SUSPICIOUS_MOVE = YES;
				CLANG_WARN_UNGUARDED_AVAILABILITY = YES_AGGRESSIVE;
				CLANG_WARN_UNREACHABLE_CODE = YES;
				CLANG_WARN__DUPLICATE_METHOD_MATCH = YES;
				COPY_PHASE_STRIP = NO;
				DEBUG_INFORMATION_FORMAT = "dwarf-with-dsym";
				DEVELOPMENT_TEAM = CLWUKP6F74;
				ENABLE_NS_ASSERTIONS = NO;
				ENABLE_STRICT_OBJC_MSGSEND = YES;
				ENABLE_USER_SCRIPT_SANDBOXING = YES;
				GCC_C_LANGUAGE_STANDARD = gnu17;
				GCC_NO_COMMON_BLOCKS = YES;
				GCC_WARN_64_TO_32_BIT_CONVERSION = YES;
				GCC_WARN_ABOUT_RETURN_TYPE = YES_ERROR;
				GCC_WARN_UNDECLARED_SELECTOR = YES;
				GCC_WARN_UNINITIALIZED_AUTOS = YES_AGGRESSIVE;
				GCC_WARN_UNUSED_FUNCTION = YES;
				GCC_WARN_UNUSED_VARIABLE = YES;
				IPHONEOS_DEPLOYMENT_TARGET = 18.5;
				LOCALIZATION_PREFERS_STRING_CATALOGS = YES;
				MTL_ENABLE_DEBUG_INFO = NO;
				MTL_FAST_MATH = YES;
				SDKROOT = iphoneos;
				SWIFT_COMPILATION_MODE = wholemodule;
				VALIDATE_PRODUCT = YES;
			};
			name = Release;
		};
		960973C92EF8B44C00A4C62B /* Debug */ = {
			isa = XCBuildConfiguration;
			buildSettings = {
				ASSETCATALOG_COMPILER_APPICON_NAME = AppIcon;
				ASSETCATALOG_COMPILER_GLOBAL_ACCENT_COLOR_NAME = AccentColor;
				CODE_SIGN_STYLE = Automatic;
				CURRENT_PROJECT_VERSION = 1;
				DEVELOPMENT_TEAM = CLWUKP6F74;
				ENABLE_PREVIEWS = YES;
				GENERATE_INFOPLIST_FILE = YES;
				INFOPLIST_KEY_UIApplicationSceneManifest_Generation = YES;
				INFOPLIST_KEY_UIApplicationSupportsIndirectInputEvents = YES;
				INFOPLIST_KEY_UILaunchScreen_Generation = YES;
				INFOPLIST_KEY_UISupportedInterfaceOrientations_iPad = "UIInterfaceOrientationPortrait UIInterfaceOrientationPortraitUpsideDown UIInterfaceOrientationLandscapeLeft UIInterfaceOrientationLandscapeRight";
				INFOPLIST_KEY_UISupportedInterfaceOrientations_iPhone = "UIInterfaceOrientationPortrait UIInterfaceOrientationLandscapeLeft UIInterfaceOrientationLandscapeRight";
				LD_RUNPATH_SEARCH_PATHS = (
					"$(inherited)",
					"@executable_path/Frameworks",
				);
				MARKETING_VERSION = 1.0;
				PRODUCT_BUNDLE_IDENTIFIER = com.strengthgraceflow.app;
				PRODUCT_NAME = "$(TARGET_NAME)";
				SWIFT_EMIT_LOC_STRINGS = YES;
				SWIFT_VERSION = 5.0;
				TARGETED_DEVICE_FAMILY = "1,2";
			};
			name = Debug;
		};
		960973CA2EF8B44C00A4C62B /* Release */ = {
			isa = XCBuildConfiguration;
			buildSettings = {
				ASSETCATALOG_COMPILER_APPICON_NAME = AppIcon;
				ASSETCATALOG_COMPILER_GLOBAL_ACCENT_COLOR_NAME = AccentColor;
				CODE_SIGN_STYLE = Automatic;
				CURRENT_PROJECT_VERSION = 1;
				DEVELOPMENT_TEAM = CLWUKP6F74;
				ENABLE_PREVIEWS = YES;
				GENERATE_INFOPLIST_FILE = YES;
				INFOPLIST_KEY_UIApplicationSceneManifest_Generation = YES;
				INFOPLIST_KEY_UIApplicationSupportsIndirectInputEvents = YES;
				INFOPLIST_KEY_UILaunchScreen_Generation = YES;
				INFOPLIST_KEY_UISupportedInterfaceOrientations_iPad = "UIInterfaceOrientationPortrait UIInterfaceOrientationPortraitUpsideDown UIInterfaceOrientationLandscapeLeft UIInterfaceOrientationLandscapeRight";
				INFOPLIST_KEY_UISupportedInterfaceOrientations_iPhone = "UIInterfaceOrientationPortrait UIInterfaceOrientationLandscapeLeft UIInterfaceOrientationLandscapeRight";
				LD_RUNPATH_SEARCH_PATHS = (
					"$(inherited)",
					"@executable_path/Frameworks",
				);
				MARKETING_VERSION = 1.0;
				PRODUCT_BUNDLE_IDENTIFIER = com.strengthgraceflow.app;
				PRODUCT_NAME = "$(TARGET_NAME)";
				SWIFT_EMIT_LOC_STRINGS = YES;
				SWIFT_VERSION = 5.0;
				TARGETED_DEVICE_FAMILY = "1,2";
			};
			name = Release;
		};
		960973CC2EF8B44C00A4C62B /* Debug */ = {
			isa = XCBuildConfiguration;
			buildSettings = {
				BUNDLE_LOADER = "$(TEST_HOST)";
				CODE_SIGN_STYLE = Automatic;
				CURRENT_PROJECT_VERSION = 1;
				DEVELOPMENT_TEAM = CLWUKP6F74;
				GENERATE_INFOPLIST_FILE = YES;
				IPHONEOS_DEPLOYMENT_TARGET = 18.5;
				MARKETING_VERSION = 1.0;
				PRODUCT_BUNDLE_IDENTIFIER = com.strengthgraceflow.appTests;
				PRODUCT_NAME = "$(TARGET_NAME)";
				SWIFT_EMIT_LOC_STRINGS = NO;
				SWIFT_VERSION = 5.0;
				TARGETED_DEVICE_FAMILY = "1,2";
				TEST_HOST = "$(BUILT_PRODUCTS_DIR)/StrengthGraceFlow.app/$(BUNDLE_EXECUTABLE_FOLDER_PATH)/StrengthGraceFlow";
			};
			name = Debug;
		};
		960973CD2EF8B44C00A4C62B /* Release */ = {
			isa = XCBuildConfiguration;
			buildSettings = {
				BUNDLE_LOADER = "$(TEST_HOST)";
				CODE_SIGN_STYLE = Automatic;
				CURRENT_PROJECT_VERSION = 1;
				DEVELOPMENT_TEAM = CLWUKP6F74;
				GENERATE_INFOPLIST_FILE = YES;
				IPHONEOS_DEPLOYMENT_TARGET = 18.5;
				MARKETING_VERSION = 1.0;
				PRODUCT_BUNDLE_IDENTIFIER = com.strengthgraceflow.appTests;
				PRODUCT_NAME = "$(TARGET_NAME)";
				SWIFT_EMIT_LOC_STRINGS = NO;
				SWIFT_VERSION = 5.0;
				TARGETED_DEVICE_FAMILY = "1,2";
				TEST_HOST = "$(BUILT_PRODUCTS_DIR)/StrengthGraceFlow.app/$(BUNDLE_EXECUTABLE_FOLDER_PATH)/StrengthGraceFlow";
			};
			name = Release;
		};
		960973CF2EF8B44C00A4C62B /* Debug */ = {
			isa = XCBuildConfiguration;
			buildSettings = {
				CODE_SIGN_STYLE = Automatic;
				CURRENT_PROJECT_VERSION = 1;
				DEVELOPMENT_TEAM = CLWUKP6F74;
				GENERATE_INFOPLIST_FILE = YES;
				MARKETING_VERSION = 1.0;
				PRODUCT_BUNDLE_IDENTIFIER = com.strengthgraceflow.appUITests;
				PRODUCT_NAME = "$(TARGET_NAME)";
				SWIFT_EMIT_LOC_STRINGS = NO;
				SWIFT_VERSION = 5.0;
				TARGETED_DEVICE_FAMILY = "1,2";
				TEST_TARGET_NAME = StrengthGraceFlow;
			};
			name = Debug;
		};
		960973D02EF8B44C00A4C62B /* Release */ = {
			isa = XCBuildConfiguration;
			buildSettings = {
				CODE_SIGN_STYLE = Automatic;
				CURRENT_PROJECT_VERSION = 1;
				DEVELOPMENT_TEAM = CLWUKP6F74;
				GENERATE_INFOPLIST_FILE = YES;
				MARKETING_VERSION = 1.0;
				PRODUCT_BUNDLE_IDENTIFIER = com.strengthgraceflow.appUITests;
				PRODUCT_NAME = "$(TARGET_NAME)";
				SWIFT_EMIT_LOC_STRINGS = NO;
				SWIFT_VERSION = 5.0;
				TARGETED_DEVICE_FAMILY = "1,2";
				TEST_TARGET_NAME = StrengthGraceFlow;
			};
			name = Release;
		};
/* End XCBuildConfiguration section */

/* Begin XCConfigurationList section */
		960973A22EF8B44800A4C62B /* Build configuration list for PBXProject "StrengthGraceFlow" */ = {
			isa = XCConfigurationList;
			buildConfigurations = (
				960973C62EF8B44C00A4C62B /* Debug */,
				960973C72EF8B44C00A4C62B /* Release */,
			);
			defaultConfigurationIsVisible = 0;
			defaultConfigurationName = Release;
		};
		960973C82EF8B44C00A4C62B /* Build configuration list for PBXNativeTarget "StrengthGraceFlow" */ = {
			isa = XCConfigurationList;
			buildConfigurations = (
				960973C92EF8B44C00A4C62B /* Debug */,
				960973CA2EF8B44C00A4C62B /* Release */,
			);
			defaultConfigurationIsVisible = 0;
			defaultConfigurationName = Release;
		};
		960973CB2EF8B44C00A4C62B /* Build configuration list for PBXNativeTarget "StrengthGraceFlowTests" */ = {
			isa = XCConfigurationList;
			buildConfigurations = (
				960973CC2EF8B44C00A4C62B /* Debug */,
				960973CD2EF8B44C00A4C62B /* Release */,
			);
			defaultConfigurationIsVisible = 0;
			defaultConfigurationName = Release;
		};
		960973CE2EF8B44C00A4C62B /* Build configuration list for PBXNativeTarget "StrengthGraceFlowUITests" */ = {
			isa = XCConfigurationList;
			buildConfigurations = (
				960973CF2EF8B44C00A4C62B /* Debug */,
				960973D02EF8B44C00A4C62B /* Release */,
			);
			defaultConfigurationIsVisible = 0;
			defaultConfigurationName = Release;
		};
/* End XCConfigurationList section */

/* Begin XCRemoteSwiftPackageReference section */
		960973D12EF8B6DC00A4C62B /* XCRemoteSwiftPackageReference "firebase-ios-sdk" */ = {
			isa = XCRemoteSwiftPackageReference;
			repositoryURL = "https://github.com/firebase/firebase-ios-sdk";
			requirement = {
				kind = upToNextMajorVersion;
				minimumVersion = 12.7.0;
			};
		};
/* End XCRemoteSwiftPackageReference section */

/* Begin XCSwiftPackageProductDependency section */
		960973D22EF8B6DC00A4C62B /* FirebaseAuth */ = {
			isa = XCSwiftPackageProductDependency;
			package = 960973D12EF8B6DC00A4C62B /* XCRemoteSwiftPackageReference "firebase-ios-sdk" */;
			productName = FirebaseAuth;
		};
		960973D42EF8B6DC00A4C62B /* FirebaseFirestore */ = {
			isa = XCSwiftPackageProductDependency;
			package = 960973D12EF8B6DC00A4C62B /* XCRemoteSwiftPackageReference "firebase-ios-sdk" */;
			productName = FirebaseFirestore;
		};
		960973D62EF8B6DC00A4C62B /* FirebaseStorage */ = {
			isa = XCSwiftPackageProductDependency;
			package = 960973D12EF8B6DC00A4C62B /* XCRemoteSwiftPackageReference "firebase-ios-sdk" */;
			productName = FirebaseStorage;
		};
/* End XCSwiftPackageProductDependency section */
	};
	rootObject = 9609739F2EF8B44800A4C62B /* Project object */;
}
